{
  "name": "assets",
  "lockfileVersion": 2,
  "requires": true,
  "packages": {
    "": {
      "dependencies": {
        "@googlemaps/js-api-loader": "^1.13.10",
        "arcgis-js-api": "^4.15.2",
        "esri-loader": "^3.4.0"
      }
    },
    "node_modules/@googlemaps/js-api-loader": {
      "version": "1.13.10",
      "resolved": "https://registry.npmjs.org/@googlemaps/js-api-loader/-/js-api-loader-1.13.10.tgz",
      "integrity": "sha512-11AF8SdXca1+trN7kDYiPqwxcjQjet/e/A20PPR2hMHQIZ0ktxd4VsqbsSDLj1BZW1bke0FnZ4zY0KYmgWZ9cg==",
      "dependencies": {
        "fast-deep-equal": "^3.1.3"
      }
    },
    "node_modules/arcgis-js-api": {
      "version": "4.23.0",
      "resolved": "https://registry.npmjs.org/arcgis-js-api/-/arcgis-js-api-4.23.0.tgz",
      "integrity": "sha512-+mLcXsFRycXvLdNA9XbnFLyb5NeLK/oeIG9uQALhgorxxaasGjYMWq5CMRaLbmQUnrevrzZS0OJOp9A4UVUF7w=="
    },
    "node_modules/esri-loader": {
      "version": "3.4.0",
      "resolved": "https://registry.npmjs.org/esri-loader/-/esri-loader-3.4.0.tgz",
      "integrity": "sha512-iS3SbBmrnr4TlUdAjyyVZD2yCud8AMZkyJcmYEVzTiE5wVUtdN8d9USp7XYtilgwkJe/eWR2f2G1+S58ESqLuQ=="
    },
    "node_modules/fast-deep-equal": {
      "version": "3.1.3",
      "resolved": "https://registry.npmjs.org/fast-deep-equal/-/fast-deep-equal-3.1.3.tgz",
      "integrity": "sha512-f3qQ9oQy9j2AhBe/H9VC91wLmKBCCU/gDOnKNAYG5hswO7BLKj09Hc5HYNz9cGI++xlpDCIgDaitVs03ATR84Q=="
    }
  },
  "dependencies": {
    "@googlemaps/js-api-loader": {
      "version": "1.13.10",
      "resolved": "https://registry.npmjs.org/@googlemaps/js-api-loader/-/js-api-loader-1.13.10.tgz",
      "integrity": "sha512-11AF8SdXca1+trN7kDYiPqwxcjQjet/e/A20PPR2hMHQIZ0ktxd4VsqbsSDLj1BZW1bke0FnZ4zY0KYmgWZ9cg==",
      "requires": {
        "fast-deep-equal": "^3.1.3"
      }
    },
    "arcgis-js-api": {
      "version": "4.23.0",
      "resolved": "https://registry.npmjs.org/arcgis-js-api/-/arcgis-js-api-4.23.0.tgz",
      "integrity": "sha512-+mLcXsFRycXvLdNA9XbnFLyb5NeLK/oeIG9uQALhgorxxaasGjYMWq5CMRaLbmQUnrevrzZS0OJOp9A4UVUF7w=="
    },
    "esri-loader": {
      "version": "3.4.0",
      "resolved": "https://registry.npmjs.org/esri-loader/-/esri-loader-3.4.0.tgz",
      "integrity": "sha512-iS3SbBmrnr4TlUdAjyyVZD2yCud8AMZkyJcmYEVzTiE5wVUtdN8d9USp7XYtilgwkJe/eWR2f2G1+S58ESqLuQ=="
    },
    "fast-deep-equal": {
      "version": "3.1.3",
      "resolved": "https://registry.npmjs.org/fast-deep-equal/-/fast-deep-equal-3.1.3.tgz",
      "integrity": "sha512-f3qQ9oQy9j2AhBe/H9VC91wLmKBCCU/gDOnKNAYG5hswO7BLKj09Hc5HYNz9cGI++xlpDCIgDaitVs03ATR84Q=="
    }
  }
}
