{
  "name": "assets",
  "lockfileVersion": 2,
  "requires": true,
  "packages": {
    "": {
      "dependencies": {
        "arcgis-js-api": "^4.15.2",
        "leaflet": "^1.6.0"
      }
    },
    "node_modules/arcgis-js-api": {
      "version": "4.23.0",
      "resolved": "https://registry.npmjs.org/arcgis-js-api/-/arcgis-js-api-4.23.0.tgz",
      "integrity": "sha512-+mLcXsFRycXvLdNA9XbnFLyb5NeLK/oeIG9uQALhgorxxaasGjYMWq5CMRaLbmQUnrevrzZS0OJOp9A4UVUF7w=="
    },
    "node_modules/leaflet": {
      "version": "1.7.1",
      "resolved": "https://registry.npmjs.org/leaflet/-/leaflet-1.7.1.tgz",
      "integrity": "sha512-/xwPEBidtg69Q3HlqPdU3DnrXQOvQU/CCHA1tcDQVzOwm91YMYaILjNp7L4Eaw5Z4sOYdbBz6koWyibppd8Zqw=="
    }
  },
  "dependencies": {
    "arcgis-js-api": {
      "version": "4.23.0",
      "resolved": "https://registry.npmjs.org/arcgis-js-api/-/arcgis-js-api-4.23.0.tgz",
      "integrity": "sha512-+mLcXsFRycXvLdNA9XbnFLyb5NeLK/oeIG9uQALhgorxxaasGjYMWq5CMRaLbmQUnrevrzZS0OJOp9A4UVUF7w=="
    },
    "leaflet": {
      "version": "1.7.1",
      "resolved": "https://registry.npmjs.org/leaflet/-/leaflet-1.7.1.tgz",
      "integrity": "sha512-/xwPEBidtg69Q3HlqPdU3DnrXQOvQU/CCHA1tcDQVzOwm91YMYaILjNp7L4Eaw5Z4sOYdbBz6koWyibppd8Zqw=="
    }
  }
}
