{
  "name": "assets",
  "lockfileVersion": 2,
  "requires": true,
  "packages": {
    "": {
      "dependencies": {
        "arcgis-js-api": "^4.15.2",
        "esri-loader": "^3.4.0",
        "leaflet": "^1.6.0"
      }
    },
    "node_modules/arcgis-js-api": {
      "version": "4.23.0",
      "resolved": "https://registry.npmjs.org/arcgis-js-api/-/arcgis-js-api-4.23.0.tgz",
      "integrity": "sha512-+mLcXsFRycXvLdNA9XbnFLyb5NeLK/oeIG9uQALhgorxxaasGjYMWq5CMRaLbmQUnrevrzZS0OJOp9A4UVUF7w=="
    },
    "node_modules/esri-loader": {
      "version": "3.4.0",
      "resolved": "https://registry.npmjs.org/esri-loader/-/esri-loader-3.4.0.tgz",
      "integrity": "sha512-iS3SbBmrnr4TlUdAjyyVZD2yCud8AMZkyJcmYEVzTiE5wVUtdN8d9USp7XYtilgwkJe/eWR2f2G1+S58ESqLuQ=="
    },
    "node_modules/leaflet": {
      "version": "1.6.0",
      "resolved": "https://registry.npmjs.org/leaflet/-/leaflet-1.6.0.tgz",
      "integrity": "sha512-CPkhyqWUKZKFJ6K8umN5/D2wrJ2+/8UIpXppY7QDnUZW5bZL5+SEI2J7GBpwh4LIupOKqbNSQXgqmrEJopHVNQ=="
    }
  },
  "dependencies": {
    "arcgis-js-api": {
      "version": "4.23.0",
      "resolved": "https://registry.npmjs.org/arcgis-js-api/-/arcgis-js-api-4.23.0.tgz",
      "integrity": "sha512-+mLcXsFRycXvLdNA9XbnFLyb5NeLK/oeIG9uQALhgorxxaasGjYMWq5CMRaLbmQUnrevrzZS0OJOp9A4UVUF7w=="
    },
    "esri-loader": {
      "version": "3.4.0",
      "resolved": "https://registry.npmjs.org/esri-loader/-/esri-loader-3.4.0.tgz",
      "integrity": "sha512-iS3SbBmrnr4TlUdAjyyVZD2yCud8AMZkyJcmYEVzTiE5wVUtdN8d9USp7XYtilgwkJe/eWR2f2G1+S58ESqLuQ=="
    },
    "leaflet": {
      "version": "1.6.0",
      "resolved": "https://registry.npmjs.org/leaflet/-/leaflet-1.6.0.tgz",
      "integrity": "sha512-CPkhyqWUKZKFJ6K8umN5/D2wrJ2+/8UIpXppY7QDnUZW5bZL5+SEI2J7GBpwh4LIupOKqbNSQXgqmrEJopHVNQ=="
    }
  }
}
